
Microsoft Visual Studio Solution File, Format Version 12.00
# Visual Studio Version 17
VisualStudioVersion = 17.2.32519.379
MinimumVisualStudioVersion = 10.0.40219.1
Project("{9A19103F-16F7-4668-BE54-9A1E7A4F7556}") = "LVDivWebsite", "LVDivWebsite\LVDivWebsite.csproj", "{56D9E146-6A53-4D5A-8764-FDCA894388D2}"
EndProject
Project("{9A19103F-16F7-4668-BE54-9A1E7A4F7556}") = "SeaCadetsWebAPI", "SeaCadetsWebAPI\SeaCadetsWebAPI.csproj", "{14ACCB91-D909-41DC-9F61-EA29C934AA25}"
EndProject
Global
	GlobalSection(SolutionConfigurationPlatforms) = preSolution
		Debug|Any CPU = Debug|Any CPU
		Release|Any CPU = Release|Any CPU
	EndGlobalSection
	GlobalSection(ProjectConfigurationPlatforms) = postSolution
		{56D9E146-6A53-4D5A-8764-FDCA894388D2}.Debug|Any CPU.ActiveCfg = Debug|Any CPU
		{56D9E146-6A53-4D5A-8764-FDCA894388D2}.Debug|Any CPU.Build.0 = Debug|Any CPU
		{56D9E146-6A53-4D5A-8764-FDCA894388D2}.Release|Any CPU.ActiveCfg = Release|Any CPU
		{56D9E146-6A53-4D5A-8764-FDCA894388D2}.Release|Any CPU.Build.0 = Release|Any CPU
		{14ACCB91-D909-41DC-9F61-EA29C934AA25}.Debug|Any CPU.ActiveCfg = Debug|Any CPU
		{14ACCB91-D909-41DC-9F61-EA29C934AA25}.Debug|Any CPU.Build.0 = Debug|Any CPU
		{14ACCB91-D909-41DC-9F61-EA29C934AA25}.Release|Any CPU.ActiveCfg = Release|Any CPU
		{14ACCB91-D909-41DC-9F61-EA29C934AA25}.Release|Any CPU.Build.0 = Release|Any CPU
	EndGlobalSection
	GlobalSection(SolutionProperties) = preSolution
		HideSolutionNode = FALSE
	EndGlobalSection
	GlobalSection(ExtensibilityGlobals) = postSolution
		SolutionGuid = {A3093747-7E7E-48F5-8015-4739D9B722D6}
	EndGlobalSection
EndGlobal
